<Solution>
  <Folder Name="/src/">
    <Project Path="src/Parquet.Query/Parquet.Query.csproj" />
    <Project Path="src/Parquet.Query.Extensions.Writing/Parquet.Query.Extensions.Writing.csproj" />
  </Folder>
  <Folder Name="/tests/">
    <Project Path="tests/Parquet.Query.Tests/Parquet.Query.Tests.csproj" />
  </Folder>
  <Folder Name="/benchmarks/">
    <Project Path="benchmarks/Parquet.Query.Benchmarks/Parquet.Query.Benchmarks.csproj" />
  </Folder>
</Solution>
